
Microsoft Visual Studio Solution File, Format Version 12.00
# Visual Studio Version 16
VisualStudioVersion = 16.0.29920.165
MinimumVisualStudioVersion = 10.0.40219.1
Project("{2150E333-8FDC-42A3-9474-1A3956D46DE8}") = "Framework", "Framework", "{9C9EB46C-9683-4183-B106-0B3BCF30A713}"
EndProject
Project("{2150E333-8FDC-42A3-9474-1A3956D46DE8}") = "Gateway", "Gateway", "{79626B5D-768B-4A0F-93DB-AEFFE94534A7}"
EndProject
Project("{2150E333-8FDC-42A3-9474-1A3956D46DE8}") = "Microservice", "Microservice", "{5A449ACE-C082-4A0F-880C-02F3540BCBF5}"
EndProject
Project("{2150E333-8FDC-42A3-9474-1A3956D46DE8}") = "Application", "Application", "{A4AA668A-A36B-4CA4-B6EB-92C9D6B62A50}"
EndProject
Project("{2150E333-8FDC-42A3-9474-1A3956D46DE8}") = "Application", "Application", "{13D9602F-3921-47B2-8008-8F92744A0502}"
EndProject
Project("{9A19103F-16F7-4668-BE54-9A1E7A4F7556}") = "MonoRepo.Microservice.Application.Api", "src\Microservice\Application\Api\MonoRepo.Microservice.Application.Api.csproj", "{844D0ACF-9E8A-43B7-B850-3C69C123E123}"
EndProject
Project("{9A19103F-16F7-4668-BE54-9A1E7A4F7556}") = "MonoRepo.Microservice.Application.Command", "src\Microservice\Application\Command\MonoRepo.Microservice.Application.Command.csproj", "{9800F9FB-0551-4799-A45B-B169ECF1318E}"
EndProject
Project("{9A19103F-16F7-4668-BE54-9A1E7A4F7556}") = "MonoRepo.Microservice.Application.Domain", "src\Microservice\Application\Domain\MonoRepo.Microservice.Application.Domain.csproj", "{69F46FD6-4888-482F-B788-C210127A1820}"
EndProject
Project("{9A19103F-16F7-4668-BE54-9A1E7A4F7556}") = "MonoRepo.Microservice.Application.Infrastructure", "src\Microservice\Application\Infrastructure\MonoRepo.Microservice.Application.Infrastructure.csproj", "{55C74EAF-B9D5-426C-98A7-0C07D5D9ADA1}"
EndProject
Project("{9A19103F-16F7-4668-BE54-9A1E7A4F7556}") = "MonoRepo.Microservice.Application.Migration", "src\Microservice\Application\Migration\MonoRepo.Microservice.Application.Migration.csproj", "{74FD8921-C26F-4CE9-BD1C-9D9B7D873614}"
EndProject
Project("{9A19103F-16F7-4668-BE54-9A1E7A4F7556}") = "MonoRepo.Microservice.Application.Query", "src\Microservice\Application\Query\MonoRepo.Microservice.Application.Query.csproj", "{A70084D6-A9CF-4283-B5CE-039203582F08}"
EndProject
Project("{9A19103F-16F7-4668-BE54-9A1E7A4F7556}") = "MonoRepo.Microservice.Application.Test", "src\Microservice\Application\Test\MonoRepo.Microservice.Application.Test.csproj", "{0BCA4AD9-982D-46A3-A562-95DB3F643549}"
EndProject
Project("{9A19103F-16F7-4668-BE54-9A1E7A4F7556}") = "MonoRepo.Gateway.Application.Api", "src\Gateway\Application\Api\MonoRepo.Gateway.Application.Api.csproj", "{22CB9173-6E15-434D-B6F6-C8029C3B1CC1}"
EndProject
Global
	GlobalSection(SolutionConfigurationPlatforms) = preSolution
		Debug|Any CPU = Debug|Any CPU
		Release|Any CPU = Release|Any CPU
	EndGlobalSection
	GlobalSection(ProjectConfigurationPlatforms) = postSolution
		{844D0ACF-9E8A-43B7-B850-3C69C123E123}.Debug|Any CPU.ActiveCfg = Debug|Any CPU
		{844D0ACF-9E8A-43B7-B850-3C69C123E123}.Debug|Any CPU.Build.0 = Debug|Any CPU
		{844D0ACF-9E8A-43B7-B850-3C69C123E123}.Release|Any CPU.ActiveCfg = Release|Any CPU
		{844D0ACF-9E8A-43B7-B850-3C69C123E123}.Release|Any CPU.Build.0 = Release|Any CPU
		{9800F9FB-0551-4799-A45B-B169ECF1318E}.Debug|Any CPU.ActiveCfg = Debug|Any CPU
		{9800F9FB-0551-4799-A45B-B169ECF1318E}.Debug|Any CPU.Build.0 = Debug|Any CPU
		{9800F9FB-0551-4799-A45B-B169ECF1318E}.Release|Any CPU.ActiveCfg = Release|Any CPU
		{9800F9FB-0551-4799-A45B-B169ECF1318E}.Release|Any CPU.Build.0 = Release|Any CPU
		{69F46FD6-4888-482F-B788-C210127A1820}.Debug|Any CPU.ActiveCfg = Debug|Any CPU
		{69F46FD6-4888-482F-B788-C210127A1820}.Debug|Any CPU.Build.0 = Debug|Any CPU
		{69F46FD6-4888-482F-B788-C210127A1820}.Release|Any CPU.ActiveCfg = Release|Any CPU
		{69F46FD6-4888-482F-B788-C210127A1820}.Release|Any CPU.Build.0 = Release|Any CPU
		{55C74EAF-B9D5-426C-98A7-0C07D5D9ADA1}.Debug|Any CPU.ActiveCfg = Debug|Any CPU
		{55C74EAF-B9D5-426C-98A7-0C07D5D9ADA1}.Debug|Any CPU.Build.0 = Debug|Any CPU
		{55C74EAF-B9D5-426C-98A7-0C07D5D9ADA1}.Release|Any CPU.ActiveCfg = Release|Any CPU
		{55C74EAF-B9D5-426C-98A7-0C07D5D9ADA1}.Release|Any CPU.Build.0 = Release|Any CPU
		{74FD8921-C26F-4CE9-BD1C-9D9B7D873614}.Debug|Any CPU.ActiveCfg = Debug|Any CPU
		{74FD8921-C26F-4CE9-BD1C-9D9B7D873614}.Debug|Any CPU.Build.0 = Debug|Any CPU
		{74FD8921-C26F-4CE9-BD1C-9D9B7D873614}.Release|Any CPU.ActiveCfg = Release|Any CPU
		{74FD8921-C26F-4CE9-BD1C-9D9B7D873614}.Release|Any CPU.Build.0 = Release|Any CPU
		{A70084D6-A9CF-4283-B5CE-039203582F08}.Debug|Any CPU.ActiveCfg = Debug|Any CPU
		{A70084D6-A9CF-4283-B5CE-039203582F08}.Debug|Any CPU.Build.0 = Debug|Any CPU
		{A70084D6-A9CF-4283-B5CE-039203582F08}.Release|Any CPU.ActiveCfg = Release|Any CPU
		{A70084D6-A9CF-4283-B5CE-039203582F08}.Release|Any CPU.Build.0 = Release|Any CPU
		{0BCA4AD9-982D-46A3-A562-95DB3F643549}.Debug|Any CPU.ActiveCfg = Debug|Any CPU
		{0BCA4AD9-982D-46A3-A562-95DB3F643549}.Debug|Any CPU.Build.0 = Debug|Any CPU
		{0BCA4AD9-982D-46A3-A562-95DB3F643549}.Release|Any CPU.ActiveCfg = Release|Any CPU
		{0BCA4AD9-982D-46A3-A562-95DB3F643549}.Release|Any CPU.Build.0 = Release|Any CPU
		{22CB9173-6E15-434D-B6F6-C8029C3B1CC1}.Debug|Any CPU.ActiveCfg = Debug|Any CPU
		{22CB9173-6E15-434D-B6F6-C8029C3B1CC1}.Debug|Any CPU.Build.0 = Debug|Any CPU
		{22CB9173-6E15-434D-B6F6-C8029C3B1CC1}.Release|Any CPU.ActiveCfg = Release|Any CPU
		{22CB9173-6E15-434D-B6F6-C8029C3B1CC1}.Release|Any CPU.Build.0 = Release|Any CPU
	EndGlobalSection
	GlobalSection(SolutionProperties) = preSolution
		HideSolutionNode = FALSE
	EndGlobalSection
	GlobalSection(NestedProjects) = preSolution
		{A4AA668A-A36B-4CA4-B6EB-92C9D6B62A50} = {5A449ACE-C082-4A0F-880C-02F3540BCBF5}
		{13D9602F-3921-47B2-8008-8F92744A0502} = {79626B5D-768B-4A0F-93DB-AEFFE94534A7}
		{844D0ACF-9E8A-43B7-B850-3C69C123E123} = {A4AA668A-A36B-4CA4-B6EB-92C9D6B62A50}
		{9800F9FB-0551-4799-A45B-B169ECF1318E} = {A4AA668A-A36B-4CA4-B6EB-92C9D6B62A50}
		{69F46FD6-4888-482F-B788-C210127A1820} = {A4AA668A-A36B-4CA4-B6EB-92C9D6B62A50}
		{55C74EAF-B9D5-426C-98A7-0C07D5D9ADA1} = {A4AA668A-A36B-4CA4-B6EB-92C9D6B62A50}
		{74FD8921-C26F-4CE9-BD1C-9D9B7D873614} = {A4AA668A-A36B-4CA4-B6EB-92C9D6B62A50}
		{A70084D6-A9CF-4283-B5CE-039203582F08} = {A4AA668A-A36B-4CA4-B6EB-92C9D6B62A50}
		{0BCA4AD9-982D-46A3-A562-95DB3F643549} = {A4AA668A-A36B-4CA4-B6EB-92C9D6B62A50}
		{22CB9173-6E15-434D-B6F6-C8029C3B1CC1} = {13D9602F-3921-47B2-8008-8F92744A0502}
	EndGlobalSection
	GlobalSection(ExtensibilityGlobals) = postSolution
		SolutionGuid = {CA9217EC-D242-4F02-99B7-E1C4E4AEBBFC}
	EndGlobalSection
EndGlobal
