
Microsoft Visual Studio Solution File, Format Version 12.00
# Visual Studio Version 16
VisualStudioVersion = 16.0.29920.165
MinimumVisualStudioVersion = 10.0.40219.1
Project("{2150E333-8FDC-42A3-9474-1A3956D46DE8}") = "Framework", "Framework", "{9C9EB46C-9683-4183-B106-0B3BCF30A713}"
EndProject
Project("{2150E333-8FDC-42A3-9474-1A3956D46DE8}") = "Gateway", "Gateway", "{79626B5D-768B-4A0F-93DB-AEFFE94534A7}"
EndProject
Project("{2150E333-8FDC-42A3-9474-1A3956D46DE8}") = "Microservice", "Microservice", "{5A449ACE-C082-4A0F-880C-02F3540BCBF5}"
EndProject
Project("{2150E333-8FDC-42A3-9474-1A3956D46DE8}") = "Application", "Application", "{A4AA668A-A36B-4CA4-B6EB-92C9D6B62A50}"
EndProject
Project("{9A19103F-16F7-4668-BE54-9A1E7A4F7556}") = "MonoRepo.Microservice.Application.Api", "Microservice\Application\Api\MonoRepo.Microservice.Application.Api.csproj", "{5C69D5B6-89A5-4D47-B3CF-4530E4774A12}"
EndProject
Project("{9A19103F-16F7-4668-BE54-9A1E7A4F7556}") = "MonoRepo.Microservice.Application.Command", "Microservice\Application\Command\MonoRepo.Microservice.Application.Command.csproj", "{FD46EFF8-9F1A-4873-BB8A-EF3AA453E4B8}"
EndProject
Project("{9A19103F-16F7-4668-BE54-9A1E7A4F7556}") = "MonoRepo.Microservice.Application.Domain", "Microservice\Application\Domain\MonoRepo.Microservice.Application.Domain.csproj", "{0BD44A3A-37DE-4196-9B59-F58E3E2EA4E1}"
EndProject
Project("{9A19103F-16F7-4668-BE54-9A1E7A4F7556}") = "MonoRepo.Microservice.Application.Infrastructure", "Microservice\Application\Infrastructure\MonoRepo.Microservice.Application.Infrastructure.csproj", "{5B2DA3EA-C20C-4EA2-AF74-0BC689A4A325}"
EndProject
Project("{9A19103F-16F7-4668-BE54-9A1E7A4F7556}") = "MonoRepo.Microservice.Application.Migration", "Microservice\Application\Migration\MonoRepo.Microservice.Application.Migration.csproj", "{9D6B264F-43B4-4EF9-B5C8-806BB8687F36}"
EndProject
Project("{9A19103F-16F7-4668-BE54-9A1E7A4F7556}") = "MonoRepo.Microservice.Application.Query", "Microservice\Application\Query\MonoRepo.Microservice.Application.Query.csproj", "{9801D66C-7C18-4624-8470-BA324A083DFF}"
EndProject
Project("{9A19103F-16F7-4668-BE54-9A1E7A4F7556}") = "MonoRepo.Microservice.Application.Test", "Microservice\Application\Test\MonoRepo.Microservice.Application.Test.csproj", "{B1F4D072-2E80-4CB1-8FA8-1FD9267B4423}"
EndProject
Project("{2150E333-8FDC-42A3-9474-1A3956D46DE8}") = "IdentityServer", "IdentityServer", "{32F13DD4-036A-419F-9CC3-1985572473F9}"
EndProject
Project("{9A19103F-16F7-4668-BE54-9A1E7A4F7556}") = "MonoRepo.Microservice.IdentityServer.B2B", "Microservice\IdentityServer\B2B\MonoRepo.Microservice.IdentityServer.B2B.csproj", "{8FB3B74C-E9C8-489E-8DC1-BB6387171A81}"
EndProject
Project("{9A19103F-16F7-4668-BE54-9A1E7A4F7556}") = "MonoRepo.Microservice.IdentityServer.B2B.Migration", "Microservice\IdentityServer\B2B.Migration\MonoRepo.Microservice.IdentityServer.B2B.Migration.csproj", "{41819B63-ACD5-4CC3-B234-BF82A2F14511}"
EndProject
Project("{9A19103F-16F7-4668-BE54-9A1E7A4F7556}") = "MonoRepo.Microservice.IdentityServer.B2C", "Microservice\IdentityServer\B2C\MonoRepo.Microservice.IdentityServer.B2C.csproj", "{224F6919-8387-4353-9671-2FAB08A3C4BD}"
EndProject
Project("{9A19103F-16F7-4668-BE54-9A1E7A4F7556}") = "MonoRepo.Microservice.IdentityServer.B2C.Migration", "Microservice\IdentityServer\B2C.Migration\MonoRepo.Microservice.IdentityServer.B2C.Migration.csproj", "{36CE30BA-AFEF-44BC-A504-22E901A0ACE2}"
EndProject
Project("{9A19103F-16F7-4668-BE54-9A1E7A4F7556}") = "MonoRepo.Framework.Alert", "Framework\Alert\MonoRepo.Framework.Alert.csproj", "{1BB89AA4-596C-49EC-9C1D-8CF414FEA8FD}"
EndProject
Project("{9A19103F-16F7-4668-BE54-9A1E7A4F7556}") = "MonoRepo.Framework.Core", "Framework\Core\MonoRepo.Framework.Core.csproj", "{BDF99A15-CAF7-4BCF-8836-AA8DA9F2F156}"
EndProject
Project("{9A19103F-16F7-4668-BE54-9A1E7A4F7556}") = "MonoRepo.Framework.Encryption", "Framework\Encryption\MonoRepo.Framework.Encryption.csproj", "{8FEB4F22-0E0C-4389-89ED-B5E347AA07D6}"
EndProject
Project("{9A19103F-16F7-4668-BE54-9A1E7A4F7556}") = "MonoRepo.Framework.Extensions", "Framework\Extensions\MonoRepo.Framework.Extensions.csproj", "{AFABDEA1-DC16-4E0A-BB51-145E0767D209}"
EndProject
Project("{9A19103F-16F7-4668-BE54-9A1E7A4F7556}") = "MonoRepo.Framework.Hangfire", "Framework\Hangfire\MonoRepo.Framework.Hangfire.csproj", "{F5A42AAF-C986-4145-8B7B-21C5E57CD7F4}"
EndProject
Project("{9A19103F-16F7-4668-BE54-9A1E7A4F7556}") = "MonoRepo.Framework.Identity", "Framework\Identity\MonoRepo.Framework.Identity.csproj", "{5349906A-6EE8-4F79-98D4-888BD5F8605F}"
EndProject
Project("{9A19103F-16F7-4668-BE54-9A1E7A4F7556}") = "MonoRepo.Framework.Infrastructure", "Framework\Infrastructure\MonoRepo.Framework.Infrastructure.csproj", "{73CB09EC-4834-4FD7-926F-0C22B7FCD1F2}"
EndProject
Project("{9A19103F-16F7-4668-BE54-9A1E7A4F7556}") = "MonoRepo.Framework.Messaging", "Framework\Messaging\MonoRepo.Framework.Messaging.csproj", "{9DD32BCB-946A-422C-A90C-EEC29E7E9211}"
EndProject
Project("{9A19103F-16F7-4668-BE54-9A1E7A4F7556}") = "MonoRepo.Framework.Utilities", "Framework\Utilities\MonoRepo.Framework.Utilities.csproj", "{4C191C3C-F009-4C2F-A1E3-708C78FDF25D}"
EndProject
Project("{2150E333-8FDC-42A3-9474-1A3956D46DE8}") = "Tenant", "Tenant", "{76C05138-ABB3-4AB0-931B-1763603137B9}"
EndProject
Project("{9A19103F-16F7-4668-BE54-9A1E7A4F7556}") = "MonoRepo.Microservice.Tenant.Api", "Microservice\Tenant\Api\MonoRepo.Microservice.Tenant.Api.csproj", "{3F701A8A-8F53-420F-9264-2F8DB8081F66}"
EndProject
Project("{9A19103F-16F7-4668-BE54-9A1E7A4F7556}") = "MonoRepo.Microservice.Tenant.Command", "Microservice\Tenant\Command\MonoRepo.Microservice.Tenant.Command.csproj", "{6B29914F-F9BB-4A5A-9009-1FD421E8D639}"
EndProject
Project("{9A19103F-16F7-4668-BE54-9A1E7A4F7556}") = "MonoRepo.Microservice.Tenant.Domain", "Microservice\Tenant\Domain\MonoRepo.Microservice.Tenant.Domain.csproj", "{DF14F361-8998-4C24-A74A-AA376893AE47}"
EndProject
Project("{9A19103F-16F7-4668-BE54-9A1E7A4F7556}") = "MonoRepo.Microservice.Tenant.Infrastructure", "Microservice\Tenant\Infrastructure\MonoRepo.Microservice.Tenant.Infrastructure.csproj", "{6326E036-1A94-4EBB-BEB2-8F0EBD167CA2}"
EndProject
Project("{9A19103F-16F7-4668-BE54-9A1E7A4F7556}") = "MonoRepo.Microservice.Tenant.Migration", "Microservice\Tenant\Migration\MonoRepo.Microservice.Tenant.Migration.csproj", "{73576A2E-3759-4F18-8ABC-A2C81DE89257}"
EndProject
Project("{9A19103F-16F7-4668-BE54-9A1E7A4F7556}") = "MonoRepo.Microservice.Tenant.Query", "Microservice\Tenant\Query\MonoRepo.Microservice.Tenant.Query.csproj", "{8BD84F45-A63D-4FFB-A5A1-ED5F6BDFEB64}"
EndProject
Project("{9A19103F-16F7-4668-BE54-9A1E7A4F7556}") = "MonoRepo.Microservice.Tenant.Test", "Microservice\Tenant\Test\MonoRepo.Microservice.Tenant.Test.csproj", "{184E1E67-4CA2-4364-A1ED-2FBA8D29DE9D}"
EndProject
Project("{FAE04EC0-301F-11D3-BF4B-00C04F79EFBC}") = "MonoRepo.Gateway.ApplicationB2c.Api", "Gateway\ApplicationB2c\Api\MonoRepo.Gateway.ApplicationB2c.Api\MonoRepo.Gateway.ApplicationB2c.Api.csproj", "{C405FE9A-10F9-4919-B348-A28C651D2E5B}"
EndProject
Project("{FAE04EC0-301F-11D3-BF4B-00C04F79EFBC}") = "MonoRepo.Gateway.ApplicationB2b.Api", "Gateway\ApplicationB2b\Api\MonoRepo.Gateway.ApplicationB2b.Api\MonoRepo.Gateway.ApplicationB2b.Api.csproj", "{A7E007AF-641C-4AFD-A8C6-064152EC3103}"
EndProject
Global
	GlobalSection(SolutionConfigurationPlatforms) = preSolution
		Debug|Any CPU = Debug|Any CPU
		Release|Any CPU = Release|Any CPU
	EndGlobalSection
	GlobalSection(ProjectConfigurationPlatforms) = postSolution
		{5C69D5B6-89A5-4D47-B3CF-4530E4774A12}.Debug|Any CPU.ActiveCfg = Debug|Any CPU
		{5C69D5B6-89A5-4D47-B3CF-4530E4774A12}.Debug|Any CPU.Build.0 = Debug|Any CPU
		{5C69D5B6-89A5-4D47-B3CF-4530E4774A12}.Release|Any CPU.ActiveCfg = Release|Any CPU
		{5C69D5B6-89A5-4D47-B3CF-4530E4774A12}.Release|Any CPU.Build.0 = Release|Any CPU
		{FD46EFF8-9F1A-4873-BB8A-EF3AA453E4B8}.Debug|Any CPU.ActiveCfg = Debug|Any CPU
		{FD46EFF8-9F1A-4873-BB8A-EF3AA453E4B8}.Debug|Any CPU.Build.0 = Debug|Any CPU
		{FD46EFF8-9F1A-4873-BB8A-EF3AA453E4B8}.Release|Any CPU.ActiveCfg = Release|Any CPU
		{FD46EFF8-9F1A-4873-BB8A-EF3AA453E4B8}.Release|Any CPU.Build.0 = Release|Any CPU
		{0BD44A3A-37DE-4196-9B59-F58E3E2EA4E1}.Debug|Any CPU.ActiveCfg = Debug|Any CPU
		{0BD44A3A-37DE-4196-9B59-F58E3E2EA4E1}.Debug|Any CPU.Build.0 = Debug|Any CPU
		{0BD44A3A-37DE-4196-9B59-F58E3E2EA4E1}.Release|Any CPU.ActiveCfg = Release|Any CPU
		{0BD44A3A-37DE-4196-9B59-F58E3E2EA4E1}.Release|Any CPU.Build.0 = Release|Any CPU
		{5B2DA3EA-C20C-4EA2-AF74-0BC689A4A325}.Debug|Any CPU.ActiveCfg = Debug|Any CPU
		{5B2DA3EA-C20C-4EA2-AF74-0BC689A4A325}.Debug|Any CPU.Build.0 = Debug|Any CPU
		{5B2DA3EA-C20C-4EA2-AF74-0BC689A4A325}.Release|Any CPU.ActiveCfg = Release|Any CPU
		{5B2DA3EA-C20C-4EA2-AF74-0BC689A4A325}.Release|Any CPU.Build.0 = Release|Any CPU
		{9D6B264F-43B4-4EF9-B5C8-806BB8687F36}.Debug|Any CPU.ActiveCfg = Debug|Any CPU
		{9D6B264F-43B4-4EF9-B5C8-806BB8687F36}.Debug|Any CPU.Build.0 = Debug|Any CPU
		{9D6B264F-43B4-4EF9-B5C8-806BB8687F36}.Release|Any CPU.ActiveCfg = Release|Any CPU
		{9D6B264F-43B4-4EF9-B5C8-806BB8687F36}.Release|Any CPU.Build.0 = Release|Any CPU
		{9801D66C-7C18-4624-8470-BA324A083DFF}.Debug|Any CPU.ActiveCfg = Debug|Any CPU
		{9801D66C-7C18-4624-8470-BA324A083DFF}.Debug|Any CPU.Build.0 = Debug|Any CPU
		{9801D66C-7C18-4624-8470-BA324A083DFF}.Release|Any CPU.ActiveCfg = Release|Any CPU
		{9801D66C-7C18-4624-8470-BA324A083DFF}.Release|Any CPU.Build.0 = Release|Any CPU
		{B1F4D072-2E80-4CB1-8FA8-1FD9267B4423}.Debug|Any CPU.ActiveCfg = Debug|Any CPU
		{B1F4D072-2E80-4CB1-8FA8-1FD9267B4423}.Debug|Any CPU.Build.0 = Debug|Any CPU
		{B1F4D072-2E80-4CB1-8FA8-1FD9267B4423}.Release|Any CPU.ActiveCfg = Release|Any CPU
		{B1F4D072-2E80-4CB1-8FA8-1FD9267B4423}.Release|Any CPU.Build.0 = Release|Any CPU
		{8FB3B74C-E9C8-489E-8DC1-BB6387171A81}.Debug|Any CPU.ActiveCfg = Debug|Any CPU
		{8FB3B74C-E9C8-489E-8DC1-BB6387171A81}.Debug|Any CPU.Build.0 = Debug|Any CPU
		{8FB3B74C-E9C8-489E-8DC1-BB6387171A81}.Release|Any CPU.ActiveCfg = Release|Any CPU
		{8FB3B74C-E9C8-489E-8DC1-BB6387171A81}.Release|Any CPU.Build.0 = Release|Any CPU
		{41819B63-ACD5-4CC3-B234-BF82A2F14511}.Debug|Any CPU.ActiveCfg = Debug|Any CPU
		{41819B63-ACD5-4CC3-B234-BF82A2F14511}.Debug|Any CPU.Build.0 = Debug|Any CPU
		{41819B63-ACD5-4CC3-B234-BF82A2F14511}.Release|Any CPU.ActiveCfg = Release|Any CPU
		{41819B63-ACD5-4CC3-B234-BF82A2F14511}.Release|Any CPU.Build.0 = Release|Any CPU
		{224F6919-8387-4353-9671-2FAB08A3C4BD}.Debug|Any CPU.ActiveCfg = Debug|Any CPU
		{224F6919-8387-4353-9671-2FAB08A3C4BD}.Debug|Any CPU.Build.0 = Debug|Any CPU
		{224F6919-8387-4353-9671-2FAB08A3C4BD}.Release|Any CPU.ActiveCfg = Release|Any CPU
		{224F6919-8387-4353-9671-2FAB08A3C4BD}.Release|Any CPU.Build.0 = Release|Any CPU
		{36CE30BA-AFEF-44BC-A504-22E901A0ACE2}.Debug|Any CPU.ActiveCfg = Debug|Any CPU
		{36CE30BA-AFEF-44BC-A504-22E901A0ACE2}.Debug|Any CPU.Build.0 = Debug|Any CPU
		{36CE30BA-AFEF-44BC-A504-22E901A0ACE2}.Release|Any CPU.ActiveCfg = Release|Any CPU
		{36CE30BA-AFEF-44BC-A504-22E901A0ACE2}.Release|Any CPU.Build.0 = Release|Any CPU
		{1BB89AA4-596C-49EC-9C1D-8CF414FEA8FD}.Debug|Any CPU.ActiveCfg = Debug|Any CPU
		{1BB89AA4-596C-49EC-9C1D-8CF414FEA8FD}.Debug|Any CPU.Build.0 = Debug|Any CPU
		{1BB89AA4-596C-49EC-9C1D-8CF414FEA8FD}.Release|Any CPU.ActiveCfg = Release|Any CPU
		{1BB89AA4-596C-49EC-9C1D-8CF414FEA8FD}.Release|Any CPU.Build.0 = Release|Any CPU
		{BDF99A15-CAF7-4BCF-8836-AA8DA9F2F156}.Debug|Any CPU.ActiveCfg = Debug|Any CPU
		{BDF99A15-CAF7-4BCF-8836-AA8DA9F2F156}.Debug|Any CPU.Build.0 = Debug|Any CPU
		{BDF99A15-CAF7-4BCF-8836-AA8DA9F2F156}.Release|Any CPU.ActiveCfg = Release|Any CPU
		{BDF99A15-CAF7-4BCF-8836-AA8DA9F2F156}.Release|Any CPU.Build.0 = Release|Any CPU
		{8FEB4F22-0E0C-4389-89ED-B5E347AA07D6}.Debug|Any CPU.ActiveCfg = Debug|Any CPU
		{8FEB4F22-0E0C-4389-89ED-B5E347AA07D6}.Debug|Any CPU.Build.0 = Debug|Any CPU
		{8FEB4F22-0E0C-4389-89ED-B5E347AA07D6}.Release|Any CPU.ActiveCfg = Release|Any CPU
		{8FEB4F22-0E0C-4389-89ED-B5E347AA07D6}.Release|Any CPU.Build.0 = Release|Any CPU
		{AFABDEA1-DC16-4E0A-BB51-145E0767D209}.Debug|Any CPU.ActiveCfg = Debug|Any CPU
		{AFABDEA1-DC16-4E0A-BB51-145E0767D209}.Debug|Any CPU.Build.0 = Debug|Any CPU
		{AFABDEA1-DC16-4E0A-BB51-145E0767D209}.Release|Any CPU.ActiveCfg = Release|Any CPU
		{AFABDEA1-DC16-4E0A-BB51-145E0767D209}.Release|Any CPU.Build.0 = Release|Any CPU
		{F5A42AAF-C986-4145-8B7B-21C5E57CD7F4}.Debug|Any CPU.ActiveCfg = Debug|Any CPU
		{F5A42AAF-C986-4145-8B7B-21C5E57CD7F4}.Debug|Any CPU.Build.0 = Debug|Any CPU
		{F5A42AAF-C986-4145-8B7B-21C5E57CD7F4}.Release|Any CPU.ActiveCfg = Release|Any CPU
		{F5A42AAF-C986-4145-8B7B-21C5E57CD7F4}.Release|Any CPU.Build.0 = Release|Any CPU
		{5349906A-6EE8-4F79-98D4-888BD5F8605F}.Debug|Any CPU.ActiveCfg = Debug|Any CPU
		{5349906A-6EE8-4F79-98D4-888BD5F8605F}.Debug|Any CPU.Build.0 = Debug|Any CPU
		{5349906A-6EE8-4F79-98D4-888BD5F8605F}.Release|Any CPU.ActiveCfg = Release|Any CPU
		{5349906A-6EE8-4F79-98D4-888BD5F8605F}.Release|Any CPU.Build.0 = Release|Any CPU
		{73CB09EC-4834-4FD7-926F-0C22B7FCD1F2}.Debug|Any CPU.ActiveCfg = Debug|Any CPU
		{73CB09EC-4834-4FD7-926F-0C22B7FCD1F2}.Debug|Any CPU.Build.0 = Debug|Any CPU
		{73CB09EC-4834-4FD7-926F-0C22B7FCD1F2}.Release|Any CPU.ActiveCfg = Release|Any CPU
		{73CB09EC-4834-4FD7-926F-0C22B7FCD1F2}.Release|Any CPU.Build.0 = Release|Any CPU
		{9DD32BCB-946A-422C-A90C-EEC29E7E9211}.Debug|Any CPU.ActiveCfg = Debug|Any CPU
		{9DD32BCB-946A-422C-A90C-EEC29E7E9211}.Debug|Any CPU.Build.0 = Debug|Any CPU
		{9DD32BCB-946A-422C-A90C-EEC29E7E9211}.Release|Any CPU.ActiveCfg = Release|Any CPU
		{9DD32BCB-946A-422C-A90C-EEC29E7E9211}.Release|Any CPU.Build.0 = Release|Any CPU
		{4C191C3C-F009-4C2F-A1E3-708C78FDF25D}.Debug|Any CPU.ActiveCfg = Debug|Any CPU
		{4C191C3C-F009-4C2F-A1E3-708C78FDF25D}.Debug|Any CPU.Build.0 = Debug|Any CPU
		{4C191C3C-F009-4C2F-A1E3-708C78FDF25D}.Release|Any CPU.ActiveCfg = Release|Any CPU
		{4C191C3C-F009-4C2F-A1E3-708C78FDF25D}.Release|Any CPU.Build.0 = Release|Any CPU
		{3F701A8A-8F53-420F-9264-2F8DB8081F66}.Debug|Any CPU.ActiveCfg = Debug|Any CPU
		{3F701A8A-8F53-420F-9264-2F8DB8081F66}.Debug|Any CPU.Build.0 = Debug|Any CPU
		{3F701A8A-8F53-420F-9264-2F8DB8081F66}.Release|Any CPU.ActiveCfg = Release|Any CPU
		{3F701A8A-8F53-420F-9264-2F8DB8081F66}.Release|Any CPU.Build.0 = Release|Any CPU
		{6B29914F-F9BB-4A5A-9009-1FD421E8D639}.Debug|Any CPU.ActiveCfg = Debug|Any CPU
		{6B29914F-F9BB-4A5A-9009-1FD421E8D639}.Debug|Any CPU.Build.0 = Debug|Any CPU
		{6B29914F-F9BB-4A5A-9009-1FD421E8D639}.Release|Any CPU.ActiveCfg = Release|Any CPU
		{6B29914F-F9BB-4A5A-9009-1FD421E8D639}.Release|Any CPU.Build.0 = Release|Any CPU
		{DF14F361-8998-4C24-A74A-AA376893AE47}.Debug|Any CPU.ActiveCfg = Debug|Any CPU
		{DF14F361-8998-4C24-A74A-AA376893AE47}.Debug|Any CPU.Build.0 = Debug|Any CPU
		{DF14F361-8998-4C24-A74A-AA376893AE47}.Release|Any CPU.ActiveCfg = Release|Any CPU
		{DF14F361-8998-4C24-A74A-AA376893AE47}.Release|Any CPU.Build.0 = Release|Any CPU
		{6326E036-1A94-4EBB-BEB2-8F0EBD167CA2}.Debug|Any CPU.ActiveCfg = Debug|Any CPU
		{6326E036-1A94-4EBB-BEB2-8F0EBD167CA2}.Debug|Any CPU.Build.0 = Debug|Any CPU
		{6326E036-1A94-4EBB-BEB2-8F0EBD167CA2}.Release|Any CPU.ActiveCfg = Release|Any CPU
		{6326E036-1A94-4EBB-BEB2-8F0EBD167CA2}.Release|Any CPU.Build.0 = Release|Any CPU
		{73576A2E-3759-4F18-8ABC-A2C81DE89257}.Debug|Any CPU.ActiveCfg = Debug|Any CPU
		{73576A2E-3759-4F18-8ABC-A2C81DE89257}.Debug|Any CPU.Build.0 = Debug|Any CPU
		{73576A2E-3759-4F18-8ABC-A2C81DE89257}.Release|Any CPU.ActiveCfg = Release|Any CPU
		{73576A2E-3759-4F18-8ABC-A2C81DE89257}.Release|Any CPU.Build.0 = Release|Any CPU
		{8BD84F45-A63D-4FFB-A5A1-ED5F6BDFEB64}.Debug|Any CPU.ActiveCfg = Debug|Any CPU
		{8BD84F45-A63D-4FFB-A5A1-ED5F6BDFEB64}.Debug|Any CPU.Build.0 = Debug|Any CPU
		{8BD84F45-A63D-4FFB-A5A1-ED5F6BDFEB64}.Release|Any CPU.ActiveCfg = Release|Any CPU
		{8BD84F45-A63D-4FFB-A5A1-ED5F6BDFEB64}.Release|Any CPU.Build.0 = Release|Any CPU
		{184E1E67-4CA2-4364-A1ED-2FBA8D29DE9D}.Debug|Any CPU.ActiveCfg = Debug|Any CPU
		{184E1E67-4CA2-4364-A1ED-2FBA8D29DE9D}.Debug|Any CPU.Build.0 = Debug|Any CPU
		{184E1E67-4CA2-4364-A1ED-2FBA8D29DE9D}.Release|Any CPU.ActiveCfg = Release|Any CPU
		{184E1E67-4CA2-4364-A1ED-2FBA8D29DE9D}.Release|Any CPU.Build.0 = Release|Any CPU
		{C405FE9A-10F9-4919-B348-A28C651D2E5B}.Debug|Any CPU.ActiveCfg = Debug|Any CPU
		{C405FE9A-10F9-4919-B348-A28C651D2E5B}.Debug|Any CPU.Build.0 = Debug|Any CPU
		{C405FE9A-10F9-4919-B348-A28C651D2E5B}.Release|Any CPU.ActiveCfg = Release|Any CPU
		{C405FE9A-10F9-4919-B348-A28C651D2E5B}.Release|Any CPU.Build.0 = Release|Any CPU
		{A7E007AF-641C-4AFD-A8C6-064152EC3103}.Debug|Any CPU.ActiveCfg = Debug|Any CPU
		{A7E007AF-641C-4AFD-A8C6-064152EC3103}.Debug|Any CPU.Build.0 = Debug|Any CPU
		{A7E007AF-641C-4AFD-A8C6-064152EC3103}.Release|Any CPU.ActiveCfg = Release|Any CPU
		{A7E007AF-641C-4AFD-A8C6-064152EC3103}.Release|Any CPU.Build.0 = Release|Any CPU
	EndGlobalSection
	GlobalSection(SolutionProperties) = preSolution
		HideSolutionNode = FALSE
	EndGlobalSection
	GlobalSection(NestedProjects) = preSolution
		{A4AA668A-A36B-4CA4-B6EB-92C9D6B62A50} = {5A449ACE-C082-4A0F-880C-02F3540BCBF5}
		{5C69D5B6-89A5-4D47-B3CF-4530E4774A12} = {A4AA668A-A36B-4CA4-B6EB-92C9D6B62A50}
		{FD46EFF8-9F1A-4873-BB8A-EF3AA453E4B8} = {A4AA668A-A36B-4CA4-B6EB-92C9D6B62A50}
		{0BD44A3A-37DE-4196-9B59-F58E3E2EA4E1} = {A4AA668A-A36B-4CA4-B6EB-92C9D6B62A50}
		{5B2DA3EA-C20C-4EA2-AF74-0BC689A4A325} = {A4AA668A-A36B-4CA4-B6EB-92C9D6B62A50}
		{9D6B264F-43B4-4EF9-B5C8-806BB8687F36} = {A4AA668A-A36B-4CA4-B6EB-92C9D6B62A50}
		{9801D66C-7C18-4624-8470-BA324A083DFF} = {A4AA668A-A36B-4CA4-B6EB-92C9D6B62A50}
		{B1F4D072-2E80-4CB1-8FA8-1FD9267B4423} = {A4AA668A-A36B-4CA4-B6EB-92C9D6B62A50}
		{32F13DD4-036A-419F-9CC3-1985572473F9} = {5A449ACE-C082-4A0F-880C-02F3540BCBF5}
		{8FB3B74C-E9C8-489E-8DC1-BB6387171A81} = {32F13DD4-036A-419F-9CC3-1985572473F9}
		{41819B63-ACD5-4CC3-B234-BF82A2F14511} = {32F13DD4-036A-419F-9CC3-1985572473F9}
		{224F6919-8387-4353-9671-2FAB08A3C4BD} = {32F13DD4-036A-419F-9CC3-1985572473F9}
		{36CE30BA-AFEF-44BC-A504-22E901A0ACE2} = {32F13DD4-036A-419F-9CC3-1985572473F9}
		{1BB89AA4-596C-49EC-9C1D-8CF414FEA8FD} = {9C9EB46C-9683-4183-B106-0B3BCF30A713}
		{BDF99A15-CAF7-4BCF-8836-AA8DA9F2F156} = {9C9EB46C-9683-4183-B106-0B3BCF30A713}
		{8FEB4F22-0E0C-4389-89ED-B5E347AA07D6} = {9C9EB46C-9683-4183-B106-0B3BCF30A713}
		{AFABDEA1-DC16-4E0A-BB51-145E0767D209} = {9C9EB46C-9683-4183-B106-0B3BCF30A713}
		{F5A42AAF-C986-4145-8B7B-21C5E57CD7F4} = {9C9EB46C-9683-4183-B106-0B3BCF30A713}
		{5349906A-6EE8-4F79-98D4-888BD5F8605F} = {9C9EB46C-9683-4183-B106-0B3BCF30A713}
		{73CB09EC-4834-4FD7-926F-0C22B7FCD1F2} = {9C9EB46C-9683-4183-B106-0B3BCF30A713}
		{9DD32BCB-946A-422C-A90C-EEC29E7E9211} = {9C9EB46C-9683-4183-B106-0B3BCF30A713}
		{4C191C3C-F009-4C2F-A1E3-708C78FDF25D} = {9C9EB46C-9683-4183-B106-0B3BCF30A713}
		{76C05138-ABB3-4AB0-931B-1763603137B9} = {5A449ACE-C082-4A0F-880C-02F3540BCBF5}
		{3F701A8A-8F53-420F-9264-2F8DB8081F66} = {76C05138-ABB3-4AB0-931B-1763603137B9}
		{6B29914F-F9BB-4A5A-9009-1FD421E8D639} = {76C05138-ABB3-4AB0-931B-1763603137B9}
		{DF14F361-8998-4C24-A74A-AA376893AE47} = {76C05138-ABB3-4AB0-931B-1763603137B9}
		{6326E036-1A94-4EBB-BEB2-8F0EBD167CA2} = {76C05138-ABB3-4AB0-931B-1763603137B9}
		{73576A2E-3759-4F18-8ABC-A2C81DE89257} = {76C05138-ABB3-4AB0-931B-1763603137B9}
		{8BD84F45-A63D-4FFB-A5A1-ED5F6BDFEB64} = {76C05138-ABB3-4AB0-931B-1763603137B9}
		{184E1E67-4CA2-4364-A1ED-2FBA8D29DE9D} = {76C05138-ABB3-4AB0-931B-1763603137B9}
		{C405FE9A-10F9-4919-B348-A28C651D2E5B} = {79626B5D-768B-4A0F-93DB-AEFFE94534A7}
		{A7E007AF-641C-4AFD-A8C6-064152EC3103} = {79626B5D-768B-4A0F-93DB-AEFFE94534A7}
	EndGlobalSection
	GlobalSection(ExtensibilityGlobals) = postSolution
		SolutionGuid = {CA9217EC-D242-4F02-99B7-E1C4E4AEBBFC}
	EndGlobalSection
EndGlobal
